// !$*UTF8*$!
{
	archiveVersion = 1;
	classes = {
	};
	objectVersion = 77;
	objects = {

/* Begin PBXContainerItemProxy section */
		AA0000000000000000000017 /* PBXContainerItemProxy */ = {
			isa = PBXContainerItemProxy;
			containerPortal = AA0000000000000000000008 /* Project object */;
			proxyType = 1;
			remoteGlobalIDString = AA0000000000000000000002;
			remoteInfo = Tokenroom;
		};
/* End PBXContainerItemProxy section */

/* Begin PBXFileReference section */
		AA0000000000000000000004 /* Tokenroom.app */ = {isa = PBXFileReference; explicitFileType = wrapper.application; includeInIndex = 0; path = Tokenroom.app; sourceTree = BUILT_PRODUCTS_DIR; };
		AA0000000000000000000005 /* TokenroomTests.xctest */ = {isa = PBXFileReference; explicitFileType = wrapper.cfbundle; includeInIndex = 0; path = TokenroomTests.xctest; sourceTree = BUILT_PRODUCTS_DIR; };
		CF0000000000000000000001 /* Base.xcconfig */ = {isa = PBXFileReference; lastKnownFileType = text.xcconfig; path = Base.xcconfig; sourceTree = "<group>"; };
		CF0000000000000000000002 /* Version.xcconfig */ = {isa = PBXFileReference; lastKnownFileType = text.xcconfig; path = Version.xcconfig; sourceTree = "<group>"; };
		CF0000000000000000000003 /* MacSigning.xcconfig */ = {isa = PBXFileReference; lastKnownFileType = text.xcconfig; path = MacSigning.xcconfig; sourceTree = "<group>"; };
		CF0000000000000000000004 /* Mac.xcconfig */ = {isa = PBXFileReference; lastKnownFileType = text.xcconfig; path = Mac.xcconfig; sourceTree = "<group>"; };
		CF0000000000000000000005 /* MacTests.xcconfig */ = {isa = PBXFileReference; lastKnownFileType = text.xcconfig; path = MacTests.xcconfig; sourceTree = "<group>"; };
		CF0000000000000000000006 /* Local.xcconfig.example */ = {isa = PBXFileReference; lastKnownFileType = text; path = Local.xcconfig.example; sourceTree = "<group>"; };
		D10000000000000000000001 /* TokenroomMobile.app */ = {isa = PBXFileReference; explicitFileType = wrapper.application; includeInIndex = 0; path = TokenroomMobile.app; sourceTree = BUILT_PRODUCTS_DIR; };
		CF0000000000000000000007 /* Mobile.xcconfig */ = {isa = PBXFileReference; lastKnownFileType = text.xcconfig; path = Mobile.xcconfig; sourceTree = "<group>"; };
/* End PBXFileReference section */

/* Begin PBXFileSystemSynchronizedBuildFileExceptionSet section */
		D10000000000000000000003 /* PBXFileSystemSynchronizedBuildFileExceptionSet */ = {
			isa = PBXFileSystemSynchronizedBuildFileExceptionSet;
			membershipExceptions = (
				Info.plist,
			);
			target = D10000000000000000000010 /* TokenroomMobile */;
		};
/* End PBXFileSystemSynchronizedBuildFileExceptionSet section */

/* Begin PBXFileSystemSynchronizedRootGroup section */
		AA0000000000000000000006 /* Tokenroom */ = {
			isa = PBXFileSystemSynchronizedRootGroup;
			path = Tokenroom;
			sourceTree = "<group>";
		};
		AA0000000000000000000007 /* TokenroomTests */ = {
			isa = PBXFileSystemSynchronizedRootGroup;
			path = TokenroomTests;
			sourceTree = "<group>";
		};
		5A0000000000000000000001 /* Core */ = {
			isa = PBXFileSystemSynchronizedRootGroup;
			path = Core;
			sourceTree = "<group>";
		};
		5A0000000000000000000002 /* Relay */ = {
			isa = PBXFileSystemSynchronizedRootGroup;
			path = Relay;
			sourceTree = "<group>";
		};
		5A0000000000000000000003 /* UI */ = {
			isa = PBXFileSystemSynchronizedRootGroup;
			path = UI;
			sourceTree = "<group>";
		};
		5A0000000000000000000004 /* APIKeys */ = {
			isa = PBXFileSystemSynchronizedRootGroup;
			path = APIKeys;
			sourceTree = "<group>";
		};
		D10000000000000000000002 /* TokenroomMobile */ = {
			isa = PBXFileSystemSynchronizedRootGroup;
			exceptions = (
				D10000000000000000000003 /* PBXFileSystemSynchronizedBuildFileExceptionSet */,
			);
			path = TokenroomMobile;
			sourceTree = "<group>";
		};
/* End PBXFileSystemSynchronizedRootGroup section */

/* Begin PBXFrameworksBuildPhase section */
		AA0000000000000000000011 /* Frameworks */ = {
			isa = PBXFrameworksBuildPhase;
			buildActionMask = 2147483647;
			files = (
			);
			runOnlyForDeploymentPostprocessing = 0;
		};
		AA0000000000000000000014 /* Frameworks */ = {
			isa = PBXFrameworksBuildPhase;
			buildActionMask = 2147483647;
			files = (
			);
			runOnlyForDeploymentPostprocessing = 0;
		};
		D10000000000000000000012 /* Frameworks */ = {
			isa = PBXFrameworksBuildPhase;
			buildActionMask = 2147483647;
			files = (
			);
			runOnlyForDeploymentPostprocessing = 0;
		};
/* End PBXFrameworksBuildPhase section */

/* Begin PBXGroup section */
		AA0000000000000000000009 = {
			isa = PBXGroup;
			children = (
				CF0000000000000000000010 /* Config */,
				5A0000000000000000000010 /* Shared */,
				AA0000000000000000000006 /* Tokenroom */,
				AA0000000000000000000007 /* TokenroomTests */,
				D10000000000000000000002 /* TokenroomMobile */,
				AA0000000000000000000010 /* Products */,
			);
			sourceTree = "<group>";
		};
		AA0000000000000000000010 /* Products */ = {
			isa = PBXGroup;
			children = (
				AA0000000000000000000004 /* Tokenroom.app */,
				AA0000000000000000000005 /* TokenroomTests.xctest */,
				D10000000000000000000001 /* TokenroomMobile.app */,
			);
			name = Products;
			sourceTree = "<group>";
		};
		CF0000000000000000000010 /* Config */ = {
			isa = PBXGroup;
			children = (
				CF0000000000000000000001 /* Base.xcconfig */,
				CF0000000000000000000002 /* Version.xcconfig */,
				CF0000000000000000000003 /* MacSigning.xcconfig */,
				CF0000000000000000000004 /* Mac.xcconfig */,
				CF0000000000000000000005 /* MacTests.xcconfig */,
				CF0000000000000000000007 /* Mobile.xcconfig */,
				CF0000000000000000000006 /* Local.xcconfig.example */,
			);
			path = Config;
			sourceTree = "<group>";
		};
		5A0000000000000000000010 /* Shared */ = {
			isa = PBXGroup;
			children = (
				5A0000000000000000000001 /* Core */,
				5A0000000000000000000002 /* Relay */,
				5A0000000000000000000003 /* UI */,
				5A0000000000000000000004 /* APIKeys */,
			);
			path = Shared;
			sourceTree = "<group>";
		};
/* End PBXGroup section */

/* Begin PBXNativeTarget section */
		AA0000000000000000000002 /* Tokenroom */ = {
			isa = PBXNativeTarget;
			buildConfigurationList = BB0000000000000000000002 /* Build configuration list for PBXNativeTarget "Tokenroom" */;
			buildPhases = (
				AA0000000000000000000012 /* Sources */,
				AA0000000000000000000011 /* Frameworks */,
				AA0000000000000000000013 /* Resources */,
			);
			buildRules = (
			);
			dependencies = (
			);
			fileSystemSynchronizedGroups = (
				AA0000000000000000000006 /* Tokenroom */,
				5A0000000000000000000001 /* Core */,
				5A0000000000000000000002 /* Relay */,
				5A0000000000000000000003 /* UI */,
				5A0000000000000000000004 /* APIKeys */,
			);
			name = Tokenroom;
			productName = Tokenroom;
			productReference = AA0000000000000000000004 /* Tokenroom.app */;
			productType = "com.apple.product-type.application";
		};
		AA0000000000000000000003 /* TokenroomTests */ = {
			isa = PBXNativeTarget;
			buildConfigurationList = BB0000000000000000000003 /* Build configuration list for PBXNativeTarget "TokenroomTests" */;
			buildPhases = (
				AA0000000000000000000015 /* Sources */,
				AA0000000000000000000014 /* Frameworks */,
				AA0000000000000000000016 /* Resources */,
			);
			buildRules = (
			);
			dependencies = (
				AA0000000000000000000018 /* PBXTargetDependency */,
			);
			fileSystemSynchronizedGroups = (
				AA0000000000000000000007 /* TokenroomTests */,
			);
			name = TokenroomTests;
			productName = TokenroomTests;
			productReference = AA0000000000000000000005 /* TokenroomTests.xctest */;
			productType = "com.apple.product-type.bundle.unit-test";
		};
		D10000000000000000000010 /* TokenroomMobile */ = {
			isa = PBXNativeTarget;
			buildConfigurationList = D10000000000000000000020 /* Build configuration list for PBXNativeTarget "TokenroomMobile" */;
			buildPhases = (
				D10000000000000000000011 /* Sources */,
				D10000000000000000000012 /* Frameworks */,
				D10000000000000000000013 /* Resources */,
			);
			buildRules = (
			);
			dependencies = (
			);
			fileSystemSynchronizedGroups = (
				D10000000000000000000002 /* TokenroomMobile */,
				5A0000000000000000000001 /* Core */,
				5A0000000000000000000002 /* Relay */,
				5A0000000000000000000003 /* UI */,
				5A0000000000000000000004 /* APIKeys */,
			);
			name = TokenroomMobile;
			productName = TokenroomMobile;
			productReference = D10000000000000000000001 /* TokenroomMobile.app */;
			productType = "com.apple.product-type.application";
		};
/* End PBXNativeTarget section */

/* Begin PBXProject section */
		AA0000000000000000000008 /* Project object */ = {
			isa = PBXProject;
			attributes = {
				BuildIndependentTargetsInParallel = 1;
				LastSwiftUpdateCheck = 2700;
				LastUpgradeCheck = 2700;
				TargetAttributes = {
					AA0000000000000000000002 = {
						CreatedOnToolsVersion = 27.0;
					};
					AA0000000000000000000003 = {
						CreatedOnToolsVersion = 27.0;
						TestTargetID = AA0000000000000000000002;
					};
					D10000000000000000000010 = {
						CreatedOnToolsVersion = 27.0;
					};
				};
			};
			buildConfigurationList = BB0000000000000000000001 /* Build configuration list for PBXProject "Tokenroom" */;
			developmentRegion = en;
			hasScannedForEncodings = 0;
			knownRegions = (
				en,
				Base,
			);
			mainGroup = AA0000000000000000000009;
			minimizedProjectReferenceProxies = 1;
			preferredProjectObjectVersion = 77;
			productRefGroup = AA0000000000000000000010 /* Products */;
			projectDirPath = "";
			projectRoot = "";
			targets = (
				AA0000000000000000000002 /* Tokenroom */,
				AA0000000000000000000003 /* TokenroomTests */,
				D10000000000000000000010 /* TokenroomMobile */,
			);
		};
/* End PBXProject section */

/* Begin PBXResourcesBuildPhase section */
		AA0000000000000000000013 /* Resources */ = {
			isa = PBXResourcesBuildPhase;
			buildActionMask = 2147483647;
			files = (
			);
			runOnlyForDeploymentPostprocessing = 0;
		};
		AA0000000000000000000016 /* Resources */ = {
			isa = PBXResourcesBuildPhase;
			buildActionMask = 2147483647;
			files = (
			);
			runOnlyForDeploymentPostprocessing = 0;
		};
		D10000000000000000000013 /* Resources */ = {
			isa = PBXResourcesBuildPhase;
			buildActionMask = 2147483647;
			files = (
			);
			runOnlyForDeploymentPostprocessing = 0;
		};
/* End PBXResourcesBuildPhase section */

/* Begin PBXSourcesBuildPhase section */
		AA0000000000000000000012 /* Sources */ = {
			isa = PBXSourcesBuildPhase;
			buildActionMask = 2147483647;
			files = (
			);
			runOnlyForDeploymentPostprocessing = 0;
		};
		AA0000000000000000000015 /* Sources */ = {
			isa = PBXSourcesBuildPhase;
			buildActionMask = 2147483647;
			files = (
			);
			runOnlyForDeploymentPostprocessing = 0;
		};
		D10000000000000000000011 /* Sources */ = {
			isa = PBXSourcesBuildPhase;
			buildActionMask = 2147483647;
			files = (
			);
			runOnlyForDeploymentPostprocessing = 0;
		};
/* End PBXSourcesBuildPhase section */

/* Begin PBXTargetDependency section */
		AA0000000000000000000018 /* PBXTargetDependency */ = {
			isa = PBXTargetDependency;
			target = AA0000000000000000000002 /* Tokenroom */;
			targetProxy = AA0000000000000000000017 /* PBXContainerItemProxy */;
		};
/* End PBXTargetDependency section */

/* Begin XCBuildConfiguration section */
		CC0000000000000000000001 /* Debug */ = {
			isa = XCBuildConfiguration;
			baseConfigurationReference = CF0000000000000000000001 /* Base.xcconfig */;
			buildSettings = {
				ALWAYS_SEARCH_USER_PATHS = NO;
				CLANG_ENABLE_MODULES = YES;
				CLANG_ENABLE_OBJC_ARC = YES;
				COPY_PHASE_STRIP = NO;
				DEBUG_INFORMATION_FORMAT = dwarf;
				ENABLE_STRICT_OBJC_MSGSEND = YES;
				ENABLE_TESTABILITY = YES;
				GCC_DYNAMIC_NO_PIC = NO;
				GCC_NO_COMMON_BLOCKS = YES;
				GCC_OPTIMIZATION_LEVEL = 0;
				MACOSX_DEPLOYMENT_TARGET = 15.0;
				MTL_ENABLE_DEBUG_INFO = INCLUDE_SOURCE;
				ONLY_ACTIVE_ARCH = YES;
				SDKROOT = macosx;
				SWIFT_ACTIVE_COMPILATION_CONDITIONS = "DEBUG $(inherited)";
				SWIFT_OPTIMIZATION_LEVEL = "-Onone";
			};
			name = Debug;
		};
		CC0000000000000000000002 /* Release */ = {
			isa = XCBuildConfiguration;
			baseConfigurationReference = CF0000000000000000000001 /* Base.xcconfig */;
			buildSettings = {
				ALWAYS_SEARCH_USER_PATHS = NO;
				CLANG_ENABLE_MODULES = YES;
				CLANG_ENABLE_OBJC_ARC = YES;
				COPY_PHASE_STRIP = NO;
				DEBUG_INFORMATION_FORMAT = "dwarf-with-dsym";
				ENABLE_NS_ASSERTIONS = NO;
				ENABLE_STRICT_OBJC_MSGSEND = YES;
				GCC_NO_COMMON_BLOCKS = YES;
				MACOSX_DEPLOYMENT_TARGET = 15.0;
				MTL_ENABLE_DEBUG_INFO = NO;
				SDKROOT = macosx;
				SWIFT_COMPILATION_MODE = wholemodule;
			};
			name = Release;
		};
		CC0000000000000000000003 /* Debug */ = {
			isa = XCBuildConfiguration;
			baseConfigurationReference = CF0000000000000000000004 /* Mac.xcconfig */;
			buildSettings = {
				ASSETCATALOG_COMPILER_APPICON_NAME = AppIcon;
				COMBINE_HIDPI_IMAGES = YES;
				ENABLE_APP_SANDBOX = NO;
				ENABLE_HARDENED_RUNTIME = YES;
				ENABLE_PREVIEWS = YES;
				GENERATE_INFOPLIST_FILE = YES;
				INFOPLIST_KEY_CFBundleDisplayName = Tokenroom;
				INFOPLIST_KEY_LSApplicationCategoryType = "public.app-category.utilities";
				INFOPLIST_KEY_LSUIElement = YES;
				INFOPLIST_KEY_NSHumanReadableCopyright = "Tokenroom contributors";
				LD_RUNPATH_SEARCH_PATHS = (
					"$(inherited)",
					"@executable_path/../Frameworks",
				);
				MACOSX_DEPLOYMENT_TARGET = 15.0;
				OTHER_LDFLAGS = "-lsqlite3";
				PRODUCT_NAME = "$(TARGET_NAME)";
				SDKROOT = macosx;
				SWIFT_EMIT_LOC_STRINGS = YES;
			};
			name = Debug;
		};
		CC0000000000000000000004 /* Release */ = {
			isa = XCBuildConfiguration;
			baseConfigurationReference = CF0000000000000000000004 /* Mac.xcconfig */;
			buildSettings = {
				ASSETCATALOG_COMPILER_APPICON_NAME = AppIcon;
				COMBINE_HIDPI_IMAGES = YES;
				ENABLE_APP_SANDBOX = NO;
				ENABLE_HARDENED_RUNTIME = YES;
				ENABLE_PREVIEWS = YES;
				GENERATE_INFOPLIST_FILE = YES;
				INFOPLIST_KEY_CFBundleDisplayName = Tokenroom;
				INFOPLIST_KEY_LSApplicationCategoryType = "public.app-category.utilities";
				INFOPLIST_KEY_LSUIElement = YES;
				INFOPLIST_KEY_NSHumanReadableCopyright = "Tokenroom contributors";
				LD_RUNPATH_SEARCH_PATHS = (
					"$(inherited)",
					"@executable_path/../Frameworks",
				);
				MACOSX_DEPLOYMENT_TARGET = 15.0;
				OTHER_LDFLAGS = "-lsqlite3";
				PRODUCT_NAME = "$(TARGET_NAME)";
				SDKROOT = macosx;
				SWIFT_EMIT_LOC_STRINGS = YES;
			};
			name = Release;
		};
		CC0000000000000000000005 /* Debug */ = {
			isa = XCBuildConfiguration;
			baseConfigurationReference = CF0000000000000000000005 /* MacTests.xcconfig */;
			buildSettings = {
				BUNDLE_LOADER = "$(TEST_HOST)";
				GENERATE_INFOPLIST_FILE = YES;
				MACOSX_DEPLOYMENT_TARGET = 15.0;
				PRODUCT_NAME = "$(TARGET_NAME)";
				SDKROOT = macosx;
				TEST_HOST = "$(BUILT_PRODUCTS_DIR)/Tokenroom.app/Contents/MacOS/Tokenroom";
			};
			name = Debug;
		};
		CC0000000000000000000006 /* Release */ = {
			isa = XCBuildConfiguration;
			baseConfigurationReference = CF0000000000000000000005 /* MacTests.xcconfig */;
			buildSettings = {
				BUNDLE_LOADER = "$(TEST_HOST)";
				GENERATE_INFOPLIST_FILE = YES;
				MACOSX_DEPLOYMENT_TARGET = 15.0;
				PRODUCT_NAME = "$(TARGET_NAME)";
				SDKROOT = macosx;
				TEST_HOST = "$(BUILT_PRODUCTS_DIR)/Tokenroom.app/Contents/MacOS/Tokenroom";
			};
			name = Release;
		};
		D10000000000000000000021 /* Debug */ = {
			isa = XCBuildConfiguration;
			baseConfigurationReference = CF0000000000000000000007 /* Mobile.xcconfig */;
			buildSettings = {
			};
			name = Debug;
		};
		D10000000000000000000022 /* Release */ = {
			isa = XCBuildConfiguration;
			baseConfigurationReference = CF0000000000000000000007 /* Mobile.xcconfig */;
			buildSettings = {
			};
			name = Release;
		};
/* End XCBuildConfiguration section */

/* Begin XCConfigurationList section */
		BB0000000000000000000001 /* Build configuration list for PBXProject "Tokenroom" */ = {
			isa = XCConfigurationList;
			buildConfigurations = (
				CC0000000000000000000001 /* Debug */,
				CC0000000000000000000002 /* Release */,
			);
			defaultConfigurationIsVisible = 0;
			defaultConfigurationName = Release;
		};
		BB0000000000000000000002 /* Build configuration list for PBXNativeTarget "Tokenroom" */ = {
			isa = XCConfigurationList;
			buildConfigurations = (
				CC0000000000000000000003 /* Debug */,
				CC0000000000000000000004 /* Release */,
			);
			defaultConfigurationIsVisible = 0;
			defaultConfigurationName = Release;
		};
		BB0000000000000000000003 /* Build configuration list for PBXNativeTarget "TokenroomTests" */ = {
			isa = XCConfigurationList;
			buildConfigurations = (
				CC0000000000000000000005 /* Debug */,
				CC0000000000000000000006 /* Release */,
			);
			defaultConfigurationIsVisible = 0;
			defaultConfigurationName = Release;
		};
		D10000000000000000000020 /* Build configuration list for PBXNativeTarget "TokenroomMobile" */ = {
			isa = XCConfigurationList;
			buildConfigurations = (
				D10000000000000000000021 /* Debug */,
				D10000000000000000000022 /* Release */,
			);
			defaultConfigurationIsVisible = 0;
			defaultConfigurationName = Release;
		};
/* End XCConfigurationList section */
	};
	rootObject = AA0000000000000000000008 /* Project object */;
}
